{
  "lib/LayerZero-v2": {
    "rev": "ab9b083410b9359285a5756807e1b6145d4711a7"
  },
  "lib/devtools": {
    "rev": "270a49d03f223523c9ae2b1900a490f8ba083bdc"
  },
  "lib/forge-std": {
    "rev": "8bbcf6e3f8f62f419e5429a0bd89331c85c37824"
  },
  "lib/openzeppelin-contracts": {
    "tag": {
      "name": "v5.4.0",
      "rev": "c64a1edb67b6e3f4a15cca8909c9482ad33a02b0"
    }
  },
  "lib/solidity-bytes-utils": {
    "rev": "fc502455bb2a7e26a743378df042612dd50d1eb9"
  }
}